
Microsoft Visual Studio Solution File, Format Version 12.00
# Visual Studio 15
VisualStudioVersion = 15.0.28307.329
MinimumVisualStudioVersion = 10.0.40219.1
Project("{8BC9CEB8-8B4A-11D0-8D11-00A0C91BC942}") = "StackSorting", "StackSorting\StackSorting.vcxproj", "{6A53C52E-CB66-4B84-8D21-5462B3649999}"
EndProject
Global
	GlobalSection(SolutionConfigurationPlatforms) = preSolution
		Debug|x64 = Debug|x64
		Debug|x86 = Debug|x86
		Release|x64 = Release|x64
		Release|x86 = Release|x86
	EndGlobalSection
	GlobalSection(ProjectConfigurationPlatforms) = postSolution
		{6A53C52E-CB66-4B84-8D21-5462B3649999}.Debug|x64.ActiveCfg = Debug|x64
		{6A53C52E-CB66-4B84-8D21-5462B3649999}.Debug|x64.Build.0 = Debug|x64
		{6A53C52E-CB66-4B84-8D21-5462B3649999}.Debug|x86.ActiveCfg = Debug|Win32
		{6A53C52E-CB66-4B84-8D21-5462B3649999}.Debug|x86.Build.0 = Debug|Win32
		{6A53C52E-CB66-4B84-8D21-5462B3649999}.Release|x64.ActiveCfg = Release|x64
		{6A53C52E-CB66-4B84-8D21-5462B3649999}.Release|x64.Build.0 = Release|x64
		{6A53C52E-CB66-4B84-8D21-5462B3649999}.Release|x86.ActiveCfg = Release|Win32
		{6A53C52E-CB66-4B84-8D21-5462B3649999}.Release|x86.Build.0 = Release|Win32
	EndGlobalSection
	GlobalSection(SolutionProperties) = preSolution
		HideSolutionNode = FALSE
	EndGlobalSection
	GlobalSection(ExtensibilityGlobals) = postSolution
		SolutionGuid = {A09EE9C0-19F7-4476-BBA4-EAFEF2242FC3}
	EndGlobalSection
EndGlobal
